{
  "nodes": {
    "awzod": {
      "inputs": {
        "nixpkgs": "nixpkgs"
      },
      "locked": {
        "lastModified": 1769199706,
        "narHash": "sha256-wZ0CnTBeziJw7wqh2w/pZGro7nM7N3nKcBBVv39TFXI=",
        "owner": "ae5259",
        "repo": "awzod",
        "rev": "b2911fa8a3e3038664f3d727620326ec729451af",
        "type": "github"
      },
      "original": {
        "owner": "ae5259",
        "repo": "awzod",
        "type": "github"
      }
    },
    "firefox-addons": {
      "inputs": {
        "nixpkgs": [
          "nixpkgs"
        ]
      },
      "locked": {
        "dir": "pkgs/firefox-addons",
        "lastModified": 1768104216,
        "narHash": "sha256-LSgAmBS9JKqQG3GitIScLxoLuA9egTrZMd3+LNz895E=",
        "owner": "rycee",
        "repo": "nur-expressions",
        "rev": "44506353be518d73a3eaa37e354e97637edb5f66",
        "type": "gitlab"
      },
      "original": {
        "dir": "pkgs/firefox-addons",
        "owner": "rycee",
        "repo": "nur-expressions",
        "type": "gitlab"
      }
    },
    "flake-parts": {
      "inputs": {
        "nixpkgs-lib": [
          "nix-xl",
          "nixpkgs"
        ]
      },
      "locked": {
        "lastModified": 1767609335,
        "narHash": "sha256-feveD98mQpptwrAEggBQKJTYbvwwglSbOv53uCfH9PY=",
        "owner": "hercules-ci",
        "repo": "flake-parts",
        "rev": "250481aafeb741edfe23d29195671c19b36b6dca",
        "type": "github"
      },
      "original": {
        "owner": "hercules-ci",
        "repo": "flake-parts",
        "type": "github"
      }
    },
    "flake-parts_2": {
      "inputs": {
        "nixpkgs-lib": [
          "nur",
          "nixpkgs"
        ]
      },
      "locked": {
        "lastModified": 1733312601,
        "narHash": "sha256-4pDvzqnegAfRkPwO3wmwBhVi/Sye1mzps0zHWYnP88c=",
        "owner": "hercules-ci",
        "repo": "flake-parts",
        "rev": "205b12d8b7cd4802fbcb8e8ef6a0f1408781a4f9",
        "type": "github"
      },
      "original": {
        "owner": "hercules-ci",
        "repo": "flake-parts",
        "type": "github"
      }
    },
    "home-manager": {
      "inputs": {
        "nixpkgs": [
          "nixpkgs"
        ]
      },
      "locked": {
        "lastModified": 1767910483,
        "narHash": "sha256-MOU5YdVu4DVwuT5ztXgQpPuRRBjSjUGIdUzOQr9iQOY=",
        "owner": "nix-community",
        "repo": "home-manager",
        "rev": "82fb7dedaad83e5e279127a38ef410bcfac6d77c",
        "type": "github"
      },
      "original": {
        "owner": "nix-community",
        "ref": "release-25.11",
        "repo": "home-manager",
        "type": "github"
      }
    },
    "nix-xl": {
      "inputs": {
        "flake-parts": "flake-parts",
        "nixpkgs": "nixpkgs_2"
      },
      "locked": {
        "lastModified": 1768102313,
        "narHash": "sha256-+26O6FYx2P4Na8TSFF+X9AhOVJz9SHtpr/JF0MHUFoQ=",
        "owner": "PassiveLemon",
        "repo": "nix-xl",
        "rev": "0e53375b5e2bc4402ec47e34d4ebf7ee81f4dea4",
        "type": "github"
      },
      "original": {
        "owner": "PassiveLemon",
        "repo": "nix-xl",
        "type": "github"
      }
    },
    "nixos-hardware": {
      "locked": {
        "lastModified": 1767185284,
        "narHash": "sha256-ljDBUDpD1Cg5n3mJI81Hz5qeZAwCGxon4kQW3Ho3+6Q=",
        "owner": "nixos",
        "repo": "nixos-hardware",
        "rev": "40b1a28dce561bea34858287fbb23052c3ee63fe",
        "type": "github"
      },
      "original": {
        "owner": "nixos",
        "ref": "master",
        "repo": "nixos-hardware",
        "type": "github"
      }
    },
    "nixpkgs": {
      "locked": {
        "lastModified": 1769018530,
        "narHash": "sha256-MJ27Cy2NtBEV5tsK+YraYr2g851f3Fl1LpNHDzDX15c=",
        "owner": "nixos",
        "repo": "nixpkgs",
        "rev": "88d3861acdd3d2f0e361767018218e51810df8a1",
        "type": "github"
      },
      "original": {
        "owner": "nixos",
        "ref": "nixos-unstable",
        "repo": "nixpkgs",
        "type": "github"
      }
    },
    "nixpkgs_2": {
      "locked": {
        "lastModified": 1768032153,
        "narHash": "sha256-6kD1MdY9fsE6FgSwdnx29hdH2UcBKs3/+JJleMShuJg=",
        "owner": "nixos",
        "repo": "nixpkgs",
        "rev": "3146c6aa9995e7351a398e17470e15305e6e18ff",
        "type": "github"
      },
      "original": {
        "owner": "nixos",
        "ref": "nixpkgs-unstable",
        "repo": "nixpkgs",
        "type": "github"
      }
    },
    "nixpkgs_3": {
      "locked": {
        "lastModified": 1768028080,
        "narHash": "sha256-50aDK+8eLvsLK39TzQhKNq50/HcXyP4hyxOYoPoVxjo=",
        "owner": "nixos",
        "repo": "nixpkgs",
        "rev": "d03088749a110d52a4739348f39a63f84bb0be14",
        "type": "github"
      },
      "original": {
        "owner": "nixos",
        "ref": "nixos-25.11",
        "repo": "nixpkgs",
        "type": "github"
      }
    },
    "nixpkgs_4": {
      "locked": {
        "lastModified": 1768564909,
        "narHash": "sha256-Kell/SpJYVkHWMvnhqJz/8DqQg2b6PguxVWOuadbHCc=",
        "owner": "NixOS",
        "repo": "nixpkgs",
        "rev": "e4bae1bd10c9c57b2cf517953ab70060a828ee6f",
        "type": "github"
      },
      "original": {
        "owner": "NixOS",
        "ref": "nixos-unstable",
        "repo": "nixpkgs",
        "type": "github"
      }
    },
    "nixpkgs_5": {
      "locked": {
        "lastModified": 1767892417,
        "narHash": "sha256-dhhvQY67aboBk8b0/u0XB6vwHdgbROZT3fJAjyNh5Ww=",
        "owner": "nixos",
        "repo": "nixpkgs",
        "rev": "3497aa5c9457a9d88d71fa93a4a8368816fbeeba",
        "type": "github"
      },
      "original": {
        "owner": "nixos",
        "ref": "nixos-unstable",
        "repo": "nixpkgs",
        "type": "github"
      }
    },
    "nur": {
      "inputs": {
        "flake-parts": "flake-parts_2",
        "nixpkgs": [
          "nixpkgs"
        ]
      },
      "locked": {
        "lastModified": 1768136966,
        "narHash": "sha256-KD7xP28aj6C4rbghMvTOtrHDS/06NM5tu+FmA1KKwYo=",
        "owner": "nix-community",
        "repo": "NUR",
        "rev": "351a97abb816c047eb8b28260563318357cbc701",
        "type": "github"
      },
      "original": {
        "owner": "nix-community",
        "repo": "NUR",
        "type": "github"
      }
    },
    "root": {
      "inputs": {
        "awzod": "awzod",
        "firefox-addons": "firefox-addons",
        "home-manager": "home-manager",
        "nix-xl": "nix-xl",
        "nixos-hardware": "nixos-hardware",
        "nixpkgs": "nixpkgs_3",
        "nur": "nur",
        "spicetify-nix": "spicetify-nix",
        "wall-rs": "wall-rs"
      }
    },
    "spicetify-nix": {
      "inputs": {
        "nixpkgs": "nixpkgs_4",
        "systems": "systems"
      },
      "locked": {
        "lastModified": 1768656845,
        "narHash": "sha256-xNlXMyn7yc3Z/NOsz4NchO7gWFwsoCvtJ26pys4s2/M=",
        "owner": "Gerg-L",
        "repo": "spicetify-nix",
        "rev": "8bd7e49d5ac62756bee6e4b02221fb96bfc3c99a",
        "type": "github"
      },
      "original": {
        "owner": "Gerg-L",
        "repo": "spicetify-nix",
        "type": "github"
      }
    },
    "systems": {
      "locked": {
        "lastModified": 1681028828,
        "narHash": "sha256-Vy1rq5AaRuLzOxct8nz4T6wlgyUR7zLU309k9mBC768=",
        "owner": "nix-systems",
        "repo": "default",
        "rev": "da67096a3b9bf56a91d16901293e51ba5b49a27e",
        "type": "github"
      },
      "original": {
        "owner": "nix-systems",
        "repo": "default",
        "type": "github"
      }
    },
    "wall-rs": {
      "inputs": {
        "nixpkgs": "nixpkgs_5"
      },
      "locked": {
        "lastModified": 1768219016,
        "narHash": "sha256-D04SnlC0HnWwo8EYOLZV/Lpk7B4kXupI/SW7UHVye+k=",
        "owner": "ae5259",
        "repo": "wall-rs",
        "rev": "15fa202e50d9f9da969fca33bb5ac9bec3fc9525",
        "type": "github"
      },
      "original": {
        "owner": "ae5259",
        "repo": "wall-rs",
        "type": "github"
      }
    }
  },
  "root": "root",
  "version": 7
}
